// !$*UTF8*$!
{
	archiveVersion = 1;
	classes = {
	};
	objectVersion = 50;
	objects = {

/* Begin PBXBuildFile section */
		CD5DB887271BF9A300C15025 /* AppDelegate.swift in Sources */ = {isa = PBXBuildFile; fileRef = CD5DB886271BF9A300C15025 /* AppDelegate.swift */; };
		CD5DB889271BF9A300C15025 /* SceneDelegate.swift in Sources */ = {isa = PBXBuildFile; fileRef = CD5DB888271BF9A300C15025 /* SceneDelegate.swift */; };
		CD5DB890271BF9A600C15025 /* Assets.xcassets in Resources */ = {isa = PBXBuildFile; fileRef = CD5DB88F271BF9A600C15025 /* Assets.xcassets */; };
		CD5DB893271BF9A600C15025 /* LaunchScreen.storyboard in Resources */ = {isa = PBXBuildFile; fileRef = CD5DB891271BF9A600C15025 /* LaunchScreen.storyboard */; };
		CD5DB89B271CA12400C15025 /* SearchViewController.swift in Sources */ = {isa = PBXBuildFile; fileRef = CD5DB89A271CA12400C15025 /* SearchViewController.swift */; };
		CD5DB89D271CAAC000C15025 /* EmptyStateView.swift in Sources */ = {isa = PBXBuildFile; fileRef = CD5DB89C271CAAC000C15025 /* EmptyStateView.swift */; };
		CD5DB89F271CAEDE00C15025 /* TitleLabel.swift in Sources */ = {isa = PBXBuildFile; fileRef = CD5DB89E271CAEDE00C15025 /* TitleLabel.swift */; };
		CD5DB8A1271CAFF500C15025 /* BodyLabel.swift in Sources */ = {isa = PBXBuildFile; fileRef = CD5DB8A0271CAFF500C15025 /* BodyLabel.swift */; };
		CD5DB8A3271CC8B800C15025 /* OpenLibraryClient.swift in Sources */ = {isa = PBXBuildFile; fileRef = CD5DB8A2271CC8B800C15025 /* OpenLibraryClient.swift */; };
		CD5DB8A5271CD9ED00C15025 /* Book.swift in Sources */ = {isa = PBXBuildFile; fileRef = CD5DB8A4271CD9ED00C15025 /* Book.swift */; };
		CD5DB8A7271CDAF700C15025 /* APIEndPoint.swift in Sources */ = {isa = PBXBuildFile; fileRef = CD5DB8A6271CDAF700C15025 /* APIEndPoint.swift */; };
		CD5DB8A9271CDB2700C15025 /* APIConstant.swift in Sources */ = {isa = PBXBuildFile; fileRef = CD5DB8A8271CDB2700C15025 /* APIConstant.swift */; };
		CD5DB8AB271CDB4700C15025 /* NetworkingError.swift in Sources */ = {isa = PBXBuildFile; fileRef = CD5DB8AA271CDB4700C15025 /* NetworkingError.swift */; };
		CD5DB8AD271CDEDE00C15025 /* SearchEndpoint.swift in Sources */ = {isa = PBXBuildFile; fileRef = CD5DB8AC271CDEDE00C15025 /* SearchEndpoint.swift */; };
		CD5DB8AF271CE30000C15025 /* UIViewController+Ext.swift in Sources */ = {isa = PBXBuildFile; fileRef = CD5DB8AE271CE30000C15025 /* UIViewController+Ext.swift */; };
		CD5DB8BB271CF22600C15025 /* BookCoverCell.swift in Sources */ = {isa = PBXBuildFile; fileRef = CD5DB8BA271CF22600C15025 /* BookCoverCell.swift */; };
		CD5DB8BD271CFDC200C15025 /* BookCoverImageView.swift in Sources */ = {isa = PBXBuildFile; fileRef = CD5DB8BC271CFDC200C15025 /* BookCoverImageView.swift */; };
		CD5DB8BF271D0C7500C15025 /* BookSearchHeaderView.swift in Sources */ = {isa = PBXBuildFile; fileRef = CD5DB8BE271D0C7500C15025 /* BookSearchHeaderView.swift */; };
		CD5DB8C1271D3E6C00C15025 /* CaptionLabel.swift in Sources */ = {isa = PBXBuildFile; fileRef = CD5DB8C0271D3E6C00C15025 /* CaptionLabel.swift */; };
		CD5DB8C3271D489900C15025 /* BookDetail.swift in Sources */ = {isa = PBXBuildFile; fileRef = CD5DB8C2271D489900C15025 /* BookDetail.swift */; };
		CD5DB8C5271D49AC00C15025 /* BookDetailViewController.swift in Sources */ = {isa = PBXBuildFile; fileRef = CD5DB8C4271D49AB00C15025 /* BookDetailViewController.swift */; };
		CD5DB8C7271D550C00C15025 /* BookDetailHeaderView.swift in Sources */ = {isa = PBXBuildFile; fileRef = CD5DB8C6271D550C00C15025 /* BookDetailHeaderView.swift */; };
		CD5DB8C9271D6B6600C15025 /* BookEndpoint.swift in Sources */ = {isa = PBXBuildFile; fileRef = CD5DB8C8271D6B6500C15025 /* BookEndpoint.swift */; };
		CD5DB8CB271D6C6B00C15025 /* LargeTitleLabel.swift in Sources */ = {isa = PBXBuildFile; fileRef = CD5DB8CA271D6C6B00C15025 /* LargeTitleLabel.swift */; };
		CD5DB8CD271D6C8600C15025 /* SecondaryTitleLabel.swift in Sources */ = {isa = PBXBuildFile; fileRef = CD5DB8CC271D6C8600C15025 /* SecondaryTitleLabel.swift */; };
		CD5DB8CF271D6D1700C15025 /* NSLayoutConstraint+Ext.swift in Sources */ = {isa = PBXBuildFile; fileRef = CD5DB8CE271D6D1700C15025 /* NSLayoutConstraint+Ext.swift */; };
/* End PBXBuildFile section */

/* Begin PBXFileReference section */
		CD5DB883271BF9A300C15025 /* OpenWorm.app */ = {isa = PBXFileReference; explicitFileType = wrapper.application; includeInIndex = 0; path = OpenWorm.app; sourceTree = BUILT_PRODUCTS_DIR; };
		CD5DB886271BF9A300C15025 /* AppDelegate.swift */ = {isa = PBXFileReference; lastKnownFileType = sourcecode.swift; path = AppDelegate.swift; sourceTree = "<group>"; };
		CD5DB888271BF9A300C15025 /* SceneDelegate.swift */ = {isa = PBXFileReference; lastKnownFileType = sourcecode.swift; path = SceneDelegate.swift; sourceTree = "<group>"; };
		CD5DB88F271BF9A600C15025 /* Assets.xcassets */ = {isa = PBXFileReference; lastKnownFileType = folder.assetcatalog; path = Assets.xcassets; sourceTree = "<group>"; };
		CD5DB892271BF9A600C15025 /* Base */ = {isa = PBXFileReference; lastKnownFileType = file.storyboard; name = Base; path = Base.lproj/LaunchScreen.storyboard; sourceTree = "<group>"; };
		CD5DB894271BF9A600C15025 /* Info.plist */ = {isa = PBXFileReference; lastKnownFileType = text.plist.xml; path = Info.plist; sourceTree = "<group>"; };
		CD5DB89A271CA12400C15025 /* SearchViewController.swift */ = {isa = PBXFileReference; lastKnownFileType = sourcecode.swift; path = SearchViewController.swift; sourceTree = "<group>"; };
		CD5DB89C271CAAC000C15025 /* EmptyStateView.swift */ = {isa = PBXFileReference; lastKnownFileType = sourcecode.swift; path = EmptyStateView.swift; sourceTree = "<group>"; };
		CD5DB89E271CAEDE00C15025 /* TitleLabel.swift */ = {isa = PBXFileReference; lastKnownFileType = sourcecode.swift; path = TitleLabel.swift; sourceTree = "<group>"; };
		CD5DB8A0271CAFF500C15025 /* BodyLabel.swift */ = {isa = PBXFileReference; lastKnownFileType = sourcecode.swift; path = BodyLabel.swift; sourceTree = "<group>"; };
		CD5DB8A2271CC8B800C15025 /* OpenLibraryClient.swift */ = {isa = PBXFileReference; lastKnownFileType = sourcecode.swift; path = OpenLibraryClient.swift; sourceTree = "<group>"; };
		CD5DB8A4271CD9ED00C15025 /* Book.swift */ = {isa = PBXFileReference; lastKnownFileType = sourcecode.swift; path = Book.swift; sourceTree = "<group>"; };
		CD5DB8A6271CDAF700C15025 /* APIEndPoint.swift */ = {isa = PBXFileReference; lastKnownFileType = sourcecode.swift; path = APIEndPoint.swift; sourceTree = "<group>"; };
		CD5DB8A8271CDB2700C15025 /* APIConstant.swift */ = {isa = PBXFileReference; lastKnownFileType = sourcecode.swift; path = APIConstant.swift; sourceTree = "<group>"; };
		CD5DB8AA271CDB4700C15025 /* NetworkingError.swift */ = {isa = PBXFileReference; lastKnownFileType = sourcecode.swift; path = NetworkingError.swift; sourceTree = "<group>"; };
		CD5DB8AC271CDEDE00C15025 /* SearchEndpoint.swift */ = {isa = PBXFileReference; lastKnownFileType = sourcecode.swift; path = SearchEndpoint.swift; sourceTree = "<group>"; };
		CD5DB8AE271CE30000C15025 /* UIViewController+Ext.swift */ = {isa = PBXFileReference; lastKnownFileType = sourcecode.swift; path = "UIViewController+Ext.swift"; sourceTree = "<group>"; };
		CD5DB8BA271CF22600C15025 /* BookCoverCell.swift */ = {isa = PBXFileReference; lastKnownFileType = sourcecode.swift; path = BookCoverCell.swift; sourceTree = "<group>"; };
		CD5DB8BC271CFDC200C15025 /* BookCoverImageView.swift */ = {isa = PBXFileReference; lastKnownFileType = sourcecode.swift; path = BookCoverImageView.swift; sourceTree = "<group>"; };
		CD5DB8BE271D0C7500C15025 /* BookSearchHeaderView.swift */ = {isa = PBXFileReference; lastKnownFileType = sourcecode.swift; path = BookSearchHeaderView.swift; sourceTree = "<group>"; };
		CD5DB8C0271D3E6C00C15025 /* CaptionLabel.swift */ = {isa = PBXFileReference; lastKnownFileType = sourcecode.swift; path = CaptionLabel.swift; sourceTree = "<group>"; };
		CD5DB8C2271D489900C15025 /* BookDetail.swift */ = {isa = PBXFileReference; lastKnownFileType = sourcecode.swift; path = BookDetail.swift; sourceTree = "<group>"; };
		CD5DB8C4271D49AB00C15025 /* BookDetailViewController.swift */ = {isa = PBXFileReference; lastKnownFileType = sourcecode.swift; path = BookDetailViewController.swift; sourceTree = "<group>"; };
		CD5DB8C6271D550C00C15025 /* BookDetailHeaderView.swift */ = {isa = PBXFileReference; lastKnownFileType = sourcecode.swift; path = BookDetailHeaderView.swift; sourceTree = "<group>"; };
		CD5DB8C8271D6B6500C15025 /* BookEndpoint.swift */ = {isa = PBXFileReference; lastKnownFileType = sourcecode.swift; path = BookEndpoint.swift; sourceTree = "<group>"; };
		CD5DB8CA271D6C6B00C15025 /* LargeTitleLabel.swift */ = {isa = PBXFileReference; lastKnownFileType = sourcecode.swift; path = LargeTitleLabel.swift; sourceTree = "<group>"; };
		CD5DB8CC271D6C8600C15025 /* SecondaryTitleLabel.swift */ = {isa = PBXFileReference; lastKnownFileType = sourcecode.swift; path = SecondaryTitleLabel.swift; sourceTree = "<group>"; };
		CD5DB8CE271D6D1700C15025 /* NSLayoutConstraint+Ext.swift */ = {isa = PBXFileReference; lastKnownFileType = sourcecode.swift; path = "NSLayoutConstraint+Ext.swift"; sourceTree = "<group>"; };
/* End PBXFileReference section */

/* Begin PBXFrameworksBuildPhase section */
		CD5DB880271BF9A300C15025 /* Frameworks */ = {
			isa = PBXFrameworksBuildPhase;
			buildActionMask = 2147483647;
			files = (
			);
			runOnlyForDeploymentPostprocessing = 0;
		};
/* End PBXFrameworksBuildPhase section */

/* Begin PBXGroup section */
		CD5DB87A271BF9A300C15025 = {
			isa = PBXGroup;
			children = (
				CD5DB885271BF9A300C15025 /* OpenWorm */,
				CD5DB884271BF9A300C15025 /* Products */,
			);
			sourceTree = "<group>";
		};
		CD5DB884271BF9A300C15025 /* Products */ = {
			isa = PBXGroup;
			children = (
				CD5DB883271BF9A300C15025 /* OpenWorm.app */,
			);
			name = Products;
			sourceTree = "<group>";
		};
		CD5DB885271BF9A300C15025 /* OpenWorm */ = {
			isa = PBXGroup;
			children = (
				CD5DB8B4271CE79F00C15025 /* Model */,
				CD5DB8B3271CE78400C15025 /* Extensions */,
				CD5DB8B2271CE6CD00C15025 /* Networking */,
				CD5DB8B1271CE6A400C15025 /* Views */,
				CD5DB8B0271CE69B00C15025 /* Screens */,
				CD5DB886271BF9A300C15025 /* AppDelegate.swift */,
				CD5DB888271BF9A300C15025 /* SceneDelegate.swift */,
				CD5DB88F271BF9A600C15025 /* Assets.xcassets */,
				CD5DB891271BF9A600C15025 /* LaunchScreen.storyboard */,
				CD5DB894271BF9A600C15025 /* Info.plist */,
			);
			path = OpenWorm;
			sourceTree = "<group>";
		};
		CD5DB8B0271CE69B00C15025 /* Screens */ = {
			isa = PBXGroup;
			children = (
				CD5DB89A271CA12400C15025 /* SearchViewController.swift */,
				CD5DB8C4271D49AB00C15025 /* BookDetailViewController.swift */,
			);
			path = Screens;
			sourceTree = "<group>";
		};
		CD5DB8B1271CE6A400C15025 /* Views */ = {
			isa = PBXGroup;
			children = (
				CD5DB89C271CAAC000C15025 /* EmptyStateView.swift */,
				CD5DB8CA271D6C6B00C15025 /* LargeTitleLabel.swift */,
				CD5DB89E271CAEDE00C15025 /* TitleLabel.swift */,
				CD5DB8CC271D6C8600C15025 /* SecondaryTitleLabel.swift */,
				CD5DB8A0271CAFF500C15025 /* BodyLabel.swift */,
				CD5DB8C0271D3E6C00C15025 /* CaptionLabel.swift */,
				CD5DB8BA271CF22600C15025 /* BookCoverCell.swift */,
				CD5DB8BC271CFDC200C15025 /* BookCoverImageView.swift */,
				CD5DB8BE271D0C7500C15025 /* BookSearchHeaderView.swift */,
				CD5DB8C6271D550C00C15025 /* BookDetailHeaderView.swift */,
			);
			path = Views;
			sourceTree = "<group>";
		};
		CD5DB8B2271CE6CD00C15025 /* Networking */ = {
			isa = PBXGroup;
			children = (
				CD5DB8A2271CC8B800C15025 /* OpenLibraryClient.swift */,
				CD5DB8A8271CDB2700C15025 /* APIConstant.swift */,
				CD5DB8A6271CDAF700C15025 /* APIEndPoint.swift */,
				CD5DB8AC271CDEDE00C15025 /* SearchEndpoint.swift */,
				CD5DB8C8271D6B6500C15025 /* BookEndpoint.swift */,
				CD5DB8AA271CDB4700C15025 /* NetworkingError.swift */,
			);
			path = Networking;
			sourceTree = "<group>";
		};
		CD5DB8B3271CE78400C15025 /* Extensions */ = {
			isa = PBXGroup;
			children = (
				CD5DB8CE271D6D1700C15025 /* NSLayoutConstraint+Ext.swift */,
				CD5DB8AE271CE30000C15025 /* UIViewController+Ext.swift */,
			);
			path = Extensions;
			sourceTree = "<group>";
		};
		CD5DB8B4271CE79F00C15025 /* Model */ = {
			isa = PBXGroup;
			children = (
				CD5DB8A4271CD9ED00C15025 /* Book.swift */,
				CD5DB8C2271D489900C15025 /* BookDetail.swift */,
			);
			path = Model;
			sourceTree = "<group>";
		};
/* End PBXGroup section */

/* Begin PBXNativeTarget section */
		CD5DB882271BF9A300C15025 /* OpenWorm */ = {
			isa = PBXNativeTarget;
			buildConfigurationList = CD5DB897271BF9A600C15025 /* Build configuration list for PBXNativeTarget "OpenWorm" */;
			buildPhases = (
				CD5DB87F271BF9A300C15025 /* Sources */,
				CD5DB880271BF9A300C15025 /* Frameworks */,
				CD5DB881271BF9A300C15025 /* Resources */,
			);
			buildRules = (
			);
			dependencies = (
			);
			name = OpenWorm;
			productName = OpenWorm;
			productReference = CD5DB883271BF9A300C15025 /* OpenWorm.app */;
			productType = "com.apple.product-type.application";
		};
/* End PBXNativeTarget section */

/* Begin PBXProject section */
		CD5DB87B271BF9A300C15025 /* Project object */ = {
			isa = PBXProject;
			attributes = {
				LastSwiftUpdateCheck = 1250;
				LastUpgradeCheck = 1250;
				TargetAttributes = {
					CD5DB882271BF9A300C15025 = {
						CreatedOnToolsVersion = 12.5.1;
					};
				};
			};
			buildConfigurationList = CD5DB87E271BF9A300C15025 /* Build configuration list for PBXProject "OpenWorm" */;
			compatibilityVersion = "Xcode 9.3";
			developmentRegion = en;
			hasScannedForEncodings = 0;
			knownRegions = (
				en,
				Base,
			);
			mainGroup = CD5DB87A271BF9A300C15025;
			productRefGroup = CD5DB884271BF9A300C15025 /* Products */;
			projectDirPath = "";
			projectRoot = "";
			targets = (
				CD5DB882271BF9A300C15025 /* OpenWorm */,
			);
		};
/* End PBXProject section */

/* Begin PBXResourcesBuildPhase section */
		CD5DB881271BF9A300C15025 /* Resources */ = {
			isa = PBXResourcesBuildPhase;
			buildActionMask = 2147483647;
			files = (
				CD5DB893271BF9A600C15025 /* LaunchScreen.storyboard in Resources */,
				CD5DB890271BF9A600C15025 /* Assets.xcassets in Resources */,
			);
			runOnlyForDeploymentPostprocessing = 0;
		};
/* End PBXResourcesBuildPhase section */

/* Begin PBXSourcesBuildPhase section */
		CD5DB87F271BF9A300C15025 /* Sources */ = {
			isa = PBXSourcesBuildPhase;
			buildActionMask = 2147483647;
			files = (
				CD5DB8C1271D3E6C00C15025 /* CaptionLabel.swift in Sources */,
				CD5DB8A5271CD9ED00C15025 /* Book.swift in Sources */,
				CD5DB8AF271CE30000C15025 /* UIViewController+Ext.swift in Sources */,
				CD5DB8A3271CC8B800C15025 /* OpenLibraryClient.swift in Sources */,
				CD5DB8AD271CDEDE00C15025 /* SearchEndpoint.swift in Sources */,
				CD5DB8C3271D489900C15025 /* BookDetail.swift in Sources */,
				CD5DB8C9271D6B6600C15025 /* BookEndpoint.swift in Sources */,
				CD5DB8CF271D6D1700C15025 /* NSLayoutConstraint+Ext.swift in Sources */,
				CD5DB8AB271CDB4700C15025 /* NetworkingError.swift in Sources */,
				CD5DB8CD271D6C8600C15025 /* SecondaryTitleLabel.swift in Sources */,
				CD5DB8A1271CAFF500C15025 /* BodyLabel.swift in Sources */,
				CD5DB8BB271CF22600C15025 /* BookCoverCell.swift in Sources */,
				CD5DB89B271CA12400C15025 /* SearchViewController.swift in Sources */,
				CD5DB887271BF9A300C15025 /* AppDelegate.swift in Sources */,
				CD5DB8BD271CFDC200C15025 /* BookCoverImageView.swift in Sources */,
				CD5DB8BF271D0C7500C15025 /* BookSearchHeaderView.swift in Sources */,
				CD5DB8A7271CDAF700C15025 /* APIEndPoint.swift in Sources */,
				CD5DB89D271CAAC000C15025 /* EmptyStateView.swift in Sources */,
				CD5DB8C7271D550C00C15025 /* BookDetailHeaderView.swift in Sources */,
				CD5DB8C5271D49AC00C15025 /* BookDetailViewController.swift in Sources */,
				CD5DB89F271CAEDE00C15025 /* TitleLabel.swift in Sources */,
				CD5DB8A9271CDB2700C15025 /* APIConstant.swift in Sources */,
				CD5DB889271BF9A300C15025 /* SceneDelegate.swift in Sources */,
				CD5DB8CB271D6C6B00C15025 /* LargeTitleLabel.swift in Sources */,
			);
			runOnlyForDeploymentPostprocessing = 0;
		};
/* End PBXSourcesBuildPhase section */

/* Begin PBXVariantGroup section */
		CD5DB891271BF9A600C15025 /* LaunchScreen.storyboard */ = {
			isa = PBXVariantGroup;
			children = (
				CD5DB892271BF9A600C15025 /* Base */,
			);
			name = LaunchScreen.storyboard;
			sourceTree = "<group>";
		};
/* End PBXVariantGroup section */

/* Begin XCBuildConfiguration section */
		CD5DB895271BF9A600C15025 /* Debug */ = {
			isa = XCBuildConfiguration;
			buildSettings = {
				ALWAYS_SEARCH_USER_PATHS = NO;
				CLANG_ANALYZER_NONNULL = YES;
				CLANG_ANALYZER_NUMBER_OBJECT_CONVERSION = YES_AGGRESSIVE;
				CLANG_CXX_LANGUAGE_STANDARD = "gnu++14";
				CLANG_CXX_LIBRARY = "libc++";
				CLANG_ENABLE_MODULES = YES;
				CLANG_ENABLE_OBJC_ARC = YES;
				CLANG_ENABLE_OBJC_WEAK = YES;
				CLANG_WARN_BLOCK_CAPTURE_AUTORELEASING = YES;
				CLANG_WARN_BOOL_CONVERSION = YES;
				CLANG_WARN_COMMA = YES;
				CLANG_WARN_CONSTANT_CONVERSION = YES;
				CLANG_WARN_DEPRECATED_OBJC_IMPLEMENTATIONS = YES;
				CLANG_WARN_DIRECT_OBJC_ISA_USAGE = YES_ERROR;
				CLANG_WARN_DOCUMENTATION_COMMENTS = YES;
				CLANG_WARN_EMPTY_BODY = YES;
				CLANG_WARN_ENUM_CONVERSION = YES;
				CLANG_WARN_INFINITE_RECURSION = YES;
				CLANG_WARN_INT_CONVERSION = YES;
				CLANG_WARN_NON_LITERAL_NULL_CONVERSION = YES;
				CLANG_WARN_OBJC_IMPLICIT_RETAIN_SELF = YES;
				CLANG_WARN_OBJC_LITERAL_CONVERSION = YES;
				CLANG_WARN_OBJC_ROOT_CLASS = YES_ERROR;
				CLANG_WARN_QUOTED_INCLUDE_IN_FRAMEWORK_HEADER = YES;
				CLANG_WARN_RANGE_LOOP_ANALYSIS = YES;
				CLANG_WARN_STRICT_PROTOTYPES = YES;
				CLANG_WARN_SUSPICIOUS_MOVE = YES;
				CLANG_WARN_UNGUARDED_AVAILABILITY = YES_AGGRESSIVE;
				CLANG_WARN_UNREACHABLE_CODE = YES;
				CLANG_WARN__DUPLICATE_METHOD_MATCH = YES;
				COPY_PHASE_STRIP = NO;
				DEBUG_INFORMATION_FORMAT = dwarf;
				ENABLE_STRICT_OBJC_MSGSEND = YES;
				ENABLE_TESTABILITY = YES;
				GCC_C_LANGUAGE_STANDARD = gnu11;
				GCC_DYNAMIC_NO_PIC = NO;
				GCC_NO_COMMON_BLOCKS = YES;
				GCC_OPTIMIZATION_LEVEL = 0;
				GCC_PREPROCESSOR_DEFINITIONS = (
					"DEBUG=1",
					"$(inherited)",
				);
				GCC_WARN_64_TO_32_BIT_CONVERSION = YES;
				GCC_WARN_ABOUT_RETURN_TYPE = YES_ERROR;
				GCC_WARN_UNDECLARED_SELECTOR = YES;
				GCC_WARN_UNINITIALIZED_AUTOS = YES_AGGRESSIVE;
				GCC_WARN_UNUSED_FUNCTION = YES;
				GCC_WARN_UNUSED_VARIABLE = YES;
				IPHONEOS_DEPLOYMENT_TARGET = 14.5;
				MTL_ENABLE_DEBUG_INFO = INCLUDE_SOURCE;
				MTL_FAST_MATH = YES;
				ONLY_ACTIVE_ARCH = YES;
				SDKROOT = iphoneos;
				SWIFT_ACTIVE_COMPILATION_CONDITIONS = DEBUG;
				SWIFT_OPTIMIZATION_LEVEL = "-Onone";
			};
			name = Debug;
		};
		CD5DB896271BF9A600C15025 /* Release */ = {
			isa = XCBuildConfiguration;
			buildSettings = {
				ALWAYS_SEARCH_USER_PATHS = NO;
				CLANG_ANALYZER_NONNULL = YES;
				CLANG_ANALYZER_NUMBER_OBJECT_CONVERSION = YES_AGGRESSIVE;
				CLANG_CXX_LANGUAGE_STANDARD = "gnu++14";
				CLANG_CXX_LIBRARY = "libc++";
				CLANG_ENABLE_MODULES = YES;
				CLANG_ENABLE_OBJC_ARC = YES;
				CLANG_ENABLE_OBJC_WEAK = YES;
				CLANG_WARN_BLOCK_CAPTURE_AUTORELEASING = YES;
				CLANG_WARN_BOOL_CONVERSION = YES;
				CLANG_WARN_COMMA = YES;
				CLANG_WARN_CONSTANT_CONVERSION = YES;
				CLANG_WARN_DEPRECATED_OBJC_IMPLEMENTATIONS = YES;
				CLANG_WARN_DIRECT_OBJC_ISA_USAGE = YES_ERROR;
				CLANG_WARN_DOCUMENTATION_COMMENTS = YES;
				CLANG_WARN_EMPTY_BODY = YES;
				CLANG_WARN_ENUM_CONVERSION = YES;
				CLANG_WARN_INFINITE_RECURSION = YES;
				CLANG_WARN_INT_CONVERSION = YES;
				CLANG_WARN_NON_LITERAL_NULL_CONVERSION = YES;
				CLANG_WARN_OBJC_IMPLICIT_RETAIN_SELF = YES;
				CLANG_WARN_OBJC_LITERAL_CONVERSION = YES;
				CLANG_WARN_OBJC_ROOT_CLASS = YES_ERROR;
				CLANG_WARN_QUOTED_INCLUDE_IN_FRAMEWORK_HEADER = YES;
				CLANG_WARN_RANGE_LOOP_ANALYSIS = YES;
				CLANG_WARN_STRICT_PROTOTYPES = YES;
				CLANG_WARN_SUSPICIOUS_MOVE = YES;
				CLANG_WARN_UNGUARDED_AVAILABILITY = YES_AGGRESSIVE;
				CLANG_WARN_UNREACHABLE_CODE = YES;
				CLANG_WARN__DUPLICATE_METHOD_MATCH = YES;
				COPY_PHASE_STRIP = NO;
				DEBUG_INFORMATION_FORMAT = "dwarf-with-dsym";
				ENABLE_NS_ASSERTIONS = NO;
				ENABLE_STRICT_OBJC_MSGSEND = YES;
				GCC_C_LANGUAGE_STANDARD = gnu11;
				GCC_NO_COMMON_BLOCKS = YES;
				GCC_WARN_64_TO_32_BIT_CONVERSION = YES;
				GCC_WARN_ABOUT_RETURN_TYPE = YES_ERROR;
				GCC_WARN_UNDECLARED_SELECTOR = YES;
				GCC_WARN_UNINITIALIZED_AUTOS = YES_AGGRESSIVE;
				GCC_WARN_UNUSED_FUNCTION = YES;
				GCC_WARN_UNUSED_VARIABLE = YES;
				IPHONEOS_DEPLOYMENT_TARGET = 14.5;
				MTL_ENABLE_DEBUG_INFO = NO;
				MTL_FAST_MATH = YES;
				SDKROOT = iphoneos;
				SWIFT_COMPILATION_MODE = wholemodule;
				SWIFT_OPTIMIZATION_LEVEL = "-O";
				VALIDATE_PRODUCT = YES;
			};
			name = Release;
		};
		CD5DB898271BF9A600C15025 /* Debug */ = {
			isa = XCBuildConfiguration;
			buildSettings = {
				ASSETCATALOG_COMPILER_APPICON_NAME = AppIcon;
				ASSETCATALOG_COMPILER_GLOBAL_ACCENT_COLOR_NAME = AccentColor;
				CODE_SIGN_STYLE = Automatic;
				INFOPLIST_FILE = OpenWorm/Info.plist;
				LD_RUNPATH_SEARCH_PATHS = (
					"$(inherited)",
					"@executable_path/Frameworks",
				);
				PRODUCT_BUNDLE_IDENTIFIER = fr.quillere.OpenWorm;
				PRODUCT_NAME = "$(TARGET_NAME)";
				SWIFT_VERSION = 5.0;
				TARGETED_DEVICE_FAMILY = 1;
			};
			name = Debug;
		};
		CD5DB899271BF9A600C15025 /* Release */ = {
			isa = XCBuildConfiguration;
			buildSettings = {
				ASSETCATALOG_COMPILER_APPICON_NAME = AppIcon;
				ASSETCATALOG_COMPILER_GLOBAL_ACCENT_COLOR_NAME = AccentColor;
				CODE_SIGN_STYLE = Automatic;
				INFOPLIST_FILE = OpenWorm/Info.plist;
				LD_RUNPATH_SEARCH_PATHS = (
					"$(inherited)",
					"@executable_path/Frameworks",
				);
				PRODUCT_BUNDLE_IDENTIFIER = fr.quillere.OpenWorm;
				PRODUCT_NAME = "$(TARGET_NAME)";
				SWIFT_VERSION = 5.0;
				TARGETED_DEVICE_FAMILY = 1;
			};
			name = Release;
		};
/* End XCBuildConfiguration section */

/* Begin XCConfigurationList section */
		CD5DB87E271BF9A300C15025 /* Build configuration list for PBXProject "OpenWorm" */ = {
			isa = XCConfigurationList;
			buildConfigurations = (
				CD5DB895271BF9A600C15025 /* Debug */,
				CD5DB896271BF9A600C15025 /* Release */,
			);
			defaultConfigurationIsVisible = 0;
			defaultConfigurationName = Release;
		};
		CD5DB897271BF9A600C15025 /* Build configuration list for PBXNativeTarget "OpenWorm" */ = {
			isa = XCConfigurationList;
			buildConfigurations = (
				CD5DB898271BF9A600C15025 /* Debug */,
				CD5DB899271BF9A600C15025 /* Release */,
			);
			defaultConfigurationIsVisible = 0;
			defaultConfigurationName = Release;
		};
/* End XCConfigurationList section */
	};
	rootObject = CD5DB87B271BF9A300C15025 /* Project object */;
}
